
Microsoft Visual Studio Solution File, Format Version 12.00
# Visual Studio Version 16
VisualStudioVersion = 16.0.31410.357
MinimumVisualStudioVersion = 10.0.40219.1
Project("{9A19103F-16F7-4668-BE54-9A1E7A4F7556}") = "TaskManagement_Summer2021", "TaskManagement_Summer2021\TaskManagement_Summer2021.csproj", "{AE83A898-BC12-4B34-AA33-57729EC4FD2E}"
EndProject
Project("{FAE04EC0-301F-11D3-BF4B-00C04F79EFBC}") = "BusinessLogicLayer", "BusinessLogicLayer\BusinessLogicLayer.csproj", "{2E930C13-92E8-46E2-8148-506E0BAA1946}"
EndProject
Project("{FAE04EC0-301F-11D3-BF4B-00C04F79EFBC}") = "DataAccessLayer", "DataAccessLayer\DataAccessLayer.csproj", "{D2538365-CD9C-444A-B9E6-5FFEAE0220F4}"
EndProject
Global
	GlobalSection(SolutionConfigurationPlatforms) = preSolution
		Debug|Any CPU = Debug|Any CPU
		Release|Any CPU = Release|Any CPU
	EndGlobalSection
	GlobalSection(ProjectConfigurationPlatforms) = postSolution
		{AE83A898-BC12-4B34-AA33-57729EC4FD2E}.Debug|Any CPU.ActiveCfg = Debug|Any CPU
		{AE83A898-BC12-4B34-AA33-57729EC4FD2E}.Debug|Any CPU.Build.0 = Debug|Any CPU
		{AE83A898-BC12-4B34-AA33-57729EC4FD2E}.Release|Any CPU.ActiveCfg = Release|Any CPU
		{AE83A898-BC12-4B34-AA33-57729EC4FD2E}.Release|Any CPU.Build.0 = Release|Any CPU
		{2E930C13-92E8-46E2-8148-506E0BAA1946}.Debug|Any CPU.ActiveCfg = Debug|Any CPU
		{2E930C13-92E8-46E2-8148-506E0BAA1946}.Debug|Any CPU.Build.0 = Debug|Any CPU
		{2E930C13-92E8-46E2-8148-506E0BAA1946}.Release|Any CPU.ActiveCfg = Release|Any CPU
		{2E930C13-92E8-46E2-8148-506E0BAA1946}.Release|Any CPU.Build.0 = Release|Any CPU
		{D2538365-CD9C-444A-B9E6-5FFEAE0220F4}.Debug|Any CPU.ActiveCfg = Debug|Any CPU
		{D2538365-CD9C-444A-B9E6-5FFEAE0220F4}.Debug|Any CPU.Build.0 = Debug|Any CPU
		{D2538365-CD9C-444A-B9E6-5FFEAE0220F4}.Release|Any CPU.ActiveCfg = Release|Any CPU
		{D2538365-CD9C-444A-B9E6-5FFEAE0220F4}.Release|Any CPU.Build.0 = Release|Any CPU
	EndGlobalSection
	GlobalSection(SolutionProperties) = preSolution
		HideSolutionNode = FALSE
	EndGlobalSection
	GlobalSection(ExtensibilityGlobals) = postSolution
		SolutionGuid = {5EF6CDE3-E84D-488E-A1C7-F65068EE448A}
	EndGlobalSection
EndGlobal
